
Microsoft Visual Studio Solution File, Format Version 12.00
# Visual Studio 15
VisualStudioVersion = 15.0.27428.2037
MinimumVisualStudioVersion = 10.0.40219.1
Project("{FAE04EC0-301F-11D3-BF4B-00C04F79EFBC}") = "ScreenshotApp", "ScreenshotApp\ScreenshotApp.csproj", "{478F77AA-9CA7-4154-8BA4-D57792BFA59E}"
EndProject
Project("{FAE04EC0-301F-11D3-BF4B-00C04F79EFBC}") = "Function", "Function\Function.csproj", "{21CACD82-3BD7-4624-A44E-C4279E399A0A}"
EndProject
Global
	GlobalSection(SolutionConfigurationPlatforms) = preSolution
		Debug|Any CPU = Debug|Any CPU
		Release|Any CPU = Release|Any CPU
	EndGlobalSection
	GlobalSection(ProjectConfigurationPlatforms) = postSolution
		{478F77AA-9CA7-4154-8BA4-D57792BFA59E}.Debug|Any CPU.ActiveCfg = Debug|Any CPU
		{478F77AA-9CA7-4154-8BA4-D57792BFA59E}.Debug|Any CPU.Build.0 = Debug|Any CPU
		{478F77AA-9CA7-4154-8BA4-D57792BFA59E}.Release|Any CPU.ActiveCfg = Release|Any CPU
		{478F77AA-9CA7-4154-8BA4-D57792BFA59E}.Release|Any CPU.Build.0 = Release|Any CPU
		{21CACD82-3BD7-4624-A44E-C4279E399A0A}.Debug|Any CPU.ActiveCfg = Debug|Any CPU
		{21CACD82-3BD7-4624-A44E-C4279E399A0A}.Debug|Any CPU.Build.0 = Debug|Any CPU
		{21CACD82-3BD7-4624-A44E-C4279E399A0A}.Release|Any CPU.ActiveCfg = Release|Any CPU
		{21CACD82-3BD7-4624-A44E-C4279E399A0A}.Release|Any CPU.Build.0 = Release|Any CPU
	EndGlobalSection
	GlobalSection(SolutionProperties) = preSolution
		HideSolutionNode = FALSE
	EndGlobalSection
	GlobalSection(ExtensibilityGlobals) = postSolution
		SolutionGuid = {64BC848A-03A2-436B-B9D3-55660914F1B7}
	EndGlobalSection
EndGlobal
